
Microsoft Visual Studio Solution File, Format Version 12.00
# Visual Studio Version 17
VisualStudioVersion = 17.0.31903.59
MinimumVisualStudioVersion = 10.0.40219.1
Project("{2150E333-8FDC-42A3-9474-1A3956D46DE8}") = "src", "src", "{05656898-A283-4A52-94DF-CA42AFC05C20}"
EndProject
Project("{2150E333-8FDC-42A3-9474-1A3956D46DE8}") = "tests", "tests", "{D8C03491-FC99-4E75-86D4-089713CED89F}"
EndProject
Project("{FAE04EC0-301F-11D3-BF4B-00C04F79EFBC}") = "Wake.Commerce.UnitTests", "tests\Wake.Commerce.UnitTests\Wake.Commerce.UnitTests.csproj", "{908A7F79-9C20-4223-8DAF-A11D3C560106}"
EndProject
Project("{FAE04EC0-301F-11D3-BF4B-00C04F79EFBC}") = "Wake.Commerce.Domain", "src\Wake.Commerce.Domain\Wake.Commerce.Domain.csproj", "{EA899B19-5800-4915-8FF4-3DFA56E00DAF}"
EndProject
Project("{FAE04EC0-301F-11D3-BF4B-00C04F79EFBC}") = "Wake.Commerce.Application", "src\Wake.Commerce.Application\Wake.Commerce.Application.csproj", "{9EBE173C-97E5-4863-AF91-A241C47798E4}"
EndProject
Project("{FAE04EC0-301F-11D3-BF4B-00C04F79EFBC}") = "Wake.Commerce.Infra.Data.EF", "src\Wake.Commerce.Infra.Data.EF\Wake.Commerce.Infra.Data.EF.csproj", "{C62090FE-6C6C-4D3F-8B66-F392737258D0}"
EndProject
Project("{FAE04EC0-301F-11D3-BF4B-00C04F79EFBC}") = "Wake.Commerce.Api", "src\Wake.Commerce.Api\Wake.Commerce.Api.csproj", "{6BE295AF-39A8-43D1-AE73-1E494FD8B6B3}"
EndProject
Project("{FAE04EC0-301F-11D3-BF4B-00C04F79EFBC}") = "Wake.Commerce.IntegrationTests", "tests\Wake.Commerce.IntegrationTests\Wake.Commerce.IntegrationTests.csproj", "{BC0181E7-4709-4D38-A67F-DCDC232C2D37}"
EndProject
Global
	GlobalSection(SolutionConfigurationPlatforms) = preSolution
		Debug|Any CPU = Debug|Any CPU
		Release|Any CPU = Release|Any CPU
	EndGlobalSection
	GlobalSection(ProjectConfigurationPlatforms) = postSolution
		{908A7F79-9C20-4223-8DAF-A11D3C560106}.Debug|Any CPU.ActiveCfg = Debug|Any CPU
		{908A7F79-9C20-4223-8DAF-A11D3C560106}.Debug|Any CPU.Build.0 = Debug|Any CPU
		{908A7F79-9C20-4223-8DAF-A11D3C560106}.Release|Any CPU.ActiveCfg = Release|Any CPU
		{908A7F79-9C20-4223-8DAF-A11D3C560106}.Release|Any CPU.Build.0 = Release|Any CPU
		{EA899B19-5800-4915-8FF4-3DFA56E00DAF}.Debug|Any CPU.ActiveCfg = Debug|Any CPU
		{EA899B19-5800-4915-8FF4-3DFA56E00DAF}.Debug|Any CPU.Build.0 = Debug|Any CPU
		{EA899B19-5800-4915-8FF4-3DFA56E00DAF}.Release|Any CPU.ActiveCfg = Release|Any CPU
		{EA899B19-5800-4915-8FF4-3DFA56E00DAF}.Release|Any CPU.Build.0 = Release|Any CPU
		{9EBE173C-97E5-4863-AF91-A241C47798E4}.Debug|Any CPU.ActiveCfg = Debug|Any CPU
		{9EBE173C-97E5-4863-AF91-A241C47798E4}.Debug|Any CPU.Build.0 = Debug|Any CPU
		{9EBE173C-97E5-4863-AF91-A241C47798E4}.Release|Any CPU.ActiveCfg = Release|Any CPU
		{9EBE173C-97E5-4863-AF91-A241C47798E4}.Release|Any CPU.Build.0 = Release|Any CPU
		{C62090FE-6C6C-4D3F-8B66-F392737258D0}.Debug|Any CPU.ActiveCfg = Debug|Any CPU
		{C62090FE-6C6C-4D3F-8B66-F392737258D0}.Debug|Any CPU.Build.0 = Debug|Any CPU
		{C62090FE-6C6C-4D3F-8B66-F392737258D0}.Release|Any CPU.ActiveCfg = Release|Any CPU
		{C62090FE-6C6C-4D3F-8B66-F392737258D0}.Release|Any CPU.Build.0 = Release|Any CPU
		{6BE295AF-39A8-43D1-AE73-1E494FD8B6B3}.Debug|Any CPU.ActiveCfg = Debug|Any CPU
		{6BE295AF-39A8-43D1-AE73-1E494FD8B6B3}.Debug|Any CPU.Build.0 = Debug|Any CPU
		{6BE295AF-39A8-43D1-AE73-1E494FD8B6B3}.Release|Any CPU.ActiveCfg = Release|Any CPU
		{6BE295AF-39A8-43D1-AE73-1E494FD8B6B3}.Release|Any CPU.Build.0 = Release|Any CPU
		{BC0181E7-4709-4D38-A67F-DCDC232C2D37}.Debug|Any CPU.ActiveCfg = Debug|Any CPU
		{BC0181E7-4709-4D38-A67F-DCDC232C2D37}.Debug|Any CPU.Build.0 = Debug|Any CPU
		{BC0181E7-4709-4D38-A67F-DCDC232C2D37}.Release|Any CPU.ActiveCfg = Release|Any CPU
		{BC0181E7-4709-4D38-A67F-DCDC232C2D37}.Release|Any CPU.Build.0 = Release|Any CPU
	EndGlobalSection
	GlobalSection(SolutionProperties) = preSolution
		HideSolutionNode = FALSE
	EndGlobalSection
	GlobalSection(NestedProjects) = preSolution
		{908A7F79-9C20-4223-8DAF-A11D3C560106} = {D8C03491-FC99-4E75-86D4-089713CED89F}
		{EA899B19-5800-4915-8FF4-3DFA56E00DAF} = {05656898-A283-4A52-94DF-CA42AFC05C20}
		{9EBE173C-97E5-4863-AF91-A241C47798E4} = {05656898-A283-4A52-94DF-CA42AFC05C20}
		{C62090FE-6C6C-4D3F-8B66-F392737258D0} = {05656898-A283-4A52-94DF-CA42AFC05C20}
		{6BE295AF-39A8-43D1-AE73-1E494FD8B6B3} = {05656898-A283-4A52-94DF-CA42AFC05C20}
		{BC0181E7-4709-4D38-A67F-DCDC232C2D37} = {D8C03491-FC99-4E75-86D4-089713CED89F}
	EndGlobalSection
EndGlobal
